
Microsoft Visual Studio Solution File, Format Version 12.00
# Visual Studio Version 17
VisualStudioVersion = 17.6.33829.357
MinimumVisualStudioVersion = 10.0.40219.1
Project("{FAE04EC0-301F-11D3-BF4B-00C04F79EFBC}") = "experimental_hack_ac", "experimental_hack_ac.csproj", "{A5D19AE0-364E-4E63-9E70-C9A0B5361163}"
EndProject
Global
	GlobalSection(SolutionConfigurationPlatforms) = preSolution
		Debug|Any CPU = Debug|Any CPU
		Release|Any CPU = Release|Any CPU
	EndGlobalSection
	GlobalSection(ProjectConfigurationPlatforms) = postSolution
		{A5D19AE0-364E-4E63-9E70-C9A0B5361163}.Debug|Any CPU.ActiveCfg = Debug|Any CPU
		{A5D19AE0-364E-4E63-9E70-C9A0B5361163}.Debug|Any CPU.Build.0 = Debug|Any CPU
		{A5D19AE0-364E-4E63-9E70-C9A0B5361163}.Release|Any CPU.ActiveCfg = Release|Any CPU
		{A5D19AE0-364E-4E63-9E70-C9A0B5361163}.Release|Any CPU.Build.0 = Release|Any CPU
	EndGlobalSection
	GlobalSection(SolutionProperties) = preSolution
		HideSolutionNode = FALSE
	EndGlobalSection
	GlobalSection(ExtensibilityGlobals) = postSolution
		SolutionGuid = {884B95E3-ABD1-4F8E-88E9-C9E225EFC774}
	EndGlobalSection
EndGlobal
